// !$*UTF8*$!
{
	archiveVersion = 1;
	classes = {
	};
	objectVersion = 46;
	objects = {

/* Begin PBXBuildFile section */
		584852621E307EDC00B5190D /* main.m in Sources */ = {isa = PBXBuildFile; fileRef = 584852611E307EDC00B5190D /* main.m */; };
		584852651E307EDC00B5190D /* AppDelegate.m in Sources */ = {isa = PBXBuildFile; fileRef = 584852641E307EDC00B5190D /* AppDelegate.m */; };
		584852681E307EDC00B5190D /* ViewController.m in Sources */ = {isa = PBXBuildFile; fileRef = 584852671E307EDC00B5190D /* ViewController.m */; };
		5848526B1E307EDC00B5190D /* Main.storyboard in Resources */ = {isa = PBXBuildFile; fileRef = 584852691E307EDC00B5190D /* Main.storyboard */; };
		5848526D1E307EDC00B5190D /* Assets.xcassets in Resources */ = {isa = PBXBuildFile; fileRef = 5848526C1E307EDC00B5190D /* Assets.xcassets */; };
		584852701E307EDC00B5190D /* LaunchScreen.storyboard in Resources */ = {isa = PBXBuildFile; fileRef = 5848526E1E307EDC00B5190D /* LaunchScreen.storyboard */; };
		5848527B1E307EDC00B5190D /* Hello_WorldTests.m in Sources */ = {isa = PBXBuildFile; fileRef = 5848527A1E307EDC00B5190D /* Hello_WorldTests.m */; };
		584852861E307EDC00B5190D /* Hello_WorldUITests.m in Sources */ = {isa = PBXBuildFile; fileRef = 584852851E307EDC00B5190D /* Hello_WorldUITests.m */; };
/* End PBXBuildFile section */

/* Begin PBXContainerItemProxy section */
		584852771E307EDC00B5190D /* PBXContainerItemProxy */ = {
			isa = PBXContainerItemProxy;
			containerPortal = 584852551E307EDB00B5190D /* Project object */;
			proxyType = 1;
			remoteGlobalIDString = 5848525C1E307EDB00B5190D;
			remoteInfo = "Hello World";
		};
		584852821E307EDC00B5190D /* PBXContainerItemProxy */ = {
			isa = PBXContainerItemProxy;
			containerPortal = 584852551E307EDB00B5190D /* Project object */;
			proxyType = 1;
			remoteGlobalIDString = 5848525C1E307EDB00B5190D;
			remoteInfo = "Hello World";
		};
/* End PBXContainerItemProxy section */

/* Begin PBXFileReference section */
		5848525D1E307EDC00B5190D /* Hello World.app */ = {isa = PBXFileReference; explicitFileType = wrapper.application; includeInIndex = 0; path = "Hello World.app"; sourceTree = BUILT_PRODUCTS_DIR; };
		584852611E307EDC00B5190D /* main.m */ = {isa = PBXFileReference; lastKnownFileType = sourcecode.c.objc; path = main.m; sourceTree = "<group>"; };
		584852631E307EDC00B5190D /* AppDelegate.h */ = {isa = PBXFileReference; lastKnownFileType = sourcecode.c.h; path = AppDelegate.h; sourceTree = "<group>"; };
		584852641E307EDC00B5190D /* AppDelegate.m */ = {isa = PBXFileReference; lastKnownFileType = sourcecode.c.objc; path = AppDelegate.m; sourceTree = "<group>"; };
		584852661E307EDC00B5190D /* ViewController.h */ = {isa = PBXFileReference; lastKnownFileType = sourcecode.c.h; path = ViewController.h; sourceTree = "<group>"; };
		584852671E307EDC00B5190D /* ViewController.m */ = {isa = PBXFileReference; lastKnownFileType = sourcecode.c.objc; path = ViewController.m; sourceTree = "<group>"; };
		5848526A1E307EDC00B5190D /* Base */ = {isa = PBXFileReference; lastKnownFileType = file.storyboard; name = Base; path = Base.lproj/Main.storyboard; sourceTree = "<group>"; };
		5848526C1E307EDC00B5190D /* Assets.xcassets */ = {isa = PBXFileReference; lastKnownFileType = folder.assetcatalog; path = Assets.xcassets; sourceTree = "<group>"; };
		5848526F1E307EDC00B5190D /* Base */ = {isa = PBXFileReference; lastKnownFileType = file.storyboard; name = Base; path = Base.lproj/LaunchScreen.storyboard; sourceTree = "<group>"; };
		584852711E307EDC00B5190D /* Info.plist */ = {isa = PBXFileReference; lastKnownFileType = text.plist.xml; path = Info.plist; sourceTree = "<group>"; };
		584852761E307EDC00B5190D /* Hello WorldTests.xctest */ = {isa = PBXFileReference; explicitFileType = wrapper.cfbundle; includeInIndex = 0; path = "Hello WorldTests.xctest"; sourceTree = BUILT_PRODUCTS_DIR; };
		5848527A1E307EDC00B5190D /* Hello_WorldTests.m */ = {isa = PBXFileReference; lastKnownFileType = sourcecode.c.objc; path = Hello_WorldTests.m; sourceTree = "<group>"; };
		5848527C1E307EDC00B5190D /* Info.plist */ = {isa = PBXFileReference; lastKnownFileType = text.plist.xml; path = Info.plist; sourceTree = "<group>"; };
		584852811E307EDC00B5190D /* Hello WorldUITests.xctest */ = {isa = PBXFileReference; explicitFileType = wrapper.cfbundle; includeInIndex = 0; path = "Hello WorldUITests.xctest"; sourceTree = BUILT_PRODUCTS_DIR; };
		584852851E307EDC00B5190D /* Hello_WorldUITests.m */ = {isa = PBXFileReference; lastKnownFileType = sourcecode.c.objc; path = Hello_WorldUITests.m; sourceTree = "<group>"; };
		584852871E307EDC00B5190D /* Info.plist */ = {isa = PBXFileReference; lastKnownFileType = text.plist.xml; path = Info.plist; sourceTree = "<group>"; };
/* End PBXFileReference section */

/* Begin PBXFrameworksBuildPhase section */
		5848525A1E307EDB00B5190D /* Frameworks */ = {
			isa = PBXFrameworksBuildPhase;
			buildActionMask = 2147483647;
			files = (
			);
			runOnlyForDeploymentPostprocessing = 0;
		};
		584852731E307EDC00B5190D /* Frameworks */ = {
			isa = PBXFrameworksBuildPhase;
			buildActionMask = 2147483647;
			files = (
			);
			runOnlyForDeploymentPostprocessing = 0;
		};
		5848527E1E307EDC00B5190D /* Frameworks */ = {
			isa = PBXFrameworksBuildPhase;
			buildActionMask = 2147483647;
			files = (
			);
			runOnlyForDeploymentPostprocessing = 0;
		};
/* End PBXFrameworksBuildPhase section */

/* Begin PBXGroup section */
		584852541E307EDB00B5190D = {
			isa = PBXGroup;
			children = (
				5848525F1E307EDC00B5190D /* Hello World */,
				584852791E307EDC00B5190D /* Hello WorldTests */,
				584852841E307EDC00B5190D /* Hello WorldUITests */,
				5848525E1E307EDC00B5190D /* Products */,
			);
			sourceTree = "<group>";
		};
		5848525E1E307EDC00B5190D /* Products */ = {
			isa = PBXGroup;
			children = (
				5848525D1E307EDC00B5190D /* Hello World.app */,
				584852761E307EDC00B5190D /* Hello WorldTests.xctest */,
				584852811E307EDC00B5190D /* Hello WorldUITests.xctest */,
			);
			name = Products;
			sourceTree = "<group>";
		};
		5848525F1E307EDC00B5190D /* Hello World */ = {
			isa = PBXGroup;
			children = (
				584852631E307EDC00B5190D /* AppDelegate.h */,
				584852641E307EDC00B5190D /* AppDelegate.m */,
				584852661E307EDC00B5190D /* ViewController.h */,
				584852671E307EDC00B5190D /* ViewController.m */,
				584852691E307EDC00B5190D /* Main.storyboard */,
				5848526C1E307EDC00B5190D /* Assets.xcassets */,
				5848526E1E307EDC00B5190D /* LaunchScreen.storyboard */,
				584852711E307EDC00B5190D /* Info.plist */,
				584852601E307EDC00B5190D /* Supporting Files */,
			);
			path = "Hello World";
			sourceTree = "<group>";
		};
		584852601E307EDC00B5190D /* Supporting Files */ = {
			isa = PBXGroup;
			children = (
				584852611E307EDC00B5190D /* main.m */,
			);
			name = "Supporting Files";
			sourceTree = "<group>";
		};
		584852791E307EDC00B5190D /* Hello WorldTests */ = {
			isa = PBXGroup;
			children = (
				5848527A1E307EDC00B5190D /* Hello_WorldTests.m */,
				5848527C1E307EDC00B5190D /* Info.plist */,
			);
			path = "Hello WorldTests";
			sourceTree = "<group>";
		};
		584852841E307EDC00B5190D /* Hello WorldUITests */ = {
			isa = PBXGroup;
			children = (
				584852851E307EDC00B5190D /* Hello_WorldUITests.m */,
				584852871E307EDC00B5190D /* Info.plist */,
			);
			path = "Hello WorldUITests";
			sourceTree = "<group>";
		};
/* End PBXGroup section */

/* Begin PBXNativeTarget section */
		5848525C1E307EDB00B5190D /* Hello World */ = {
			isa = PBXNativeTarget;
			buildConfigurationList = 5848528A1E307EDC00B5190D /* Build configuration list for PBXNativeTarget "Hello World" */;
			buildPhases = (
				584852591E307EDB00B5190D /* Sources */,
				5848525A1E307EDB00B5190D /* Frameworks */,
				5848525B1E307EDB00B5190D /* Resources */,
			);
			buildRules = (
			);
			dependencies = (
			);
			name = "Hello World";
			productName = "Hello World";
			productReference = 5848525D1E307EDC00B5190D /* Hello World.app */;
			productType = "com.apple.product-type.application";
		};
		584852751E307EDC00B5190D /* Hello WorldTests */ = {
			isa = PBXNativeTarget;
			buildConfigurationList = 5848528D1E307EDC00B5190D /* Build configuration list for PBXNativeTarget "Hello WorldTests" */;
			buildPhases = (
				584852721E307EDC00B5190D /* Sources */,
				584852731E307EDC00B5190D /* Frameworks */,
				584852741E307EDC00B5190D /* Resources */,
			);
			buildRules = (
			);
			dependencies = (
				584852781E307EDC00B5190D /* PBXTargetDependency */,
			);
			name = "Hello WorldTests";
			productName = "Hello WorldTests";
			productReference = 584852761E307EDC00B5190D /* Hello WorldTests.xctest */;
			productType = "com.apple.product-type.bundle.unit-test";
		};
		584852801E307EDC00B5190D /* Hello WorldUITests */ = {
			isa = PBXNativeTarget;
			buildConfigurationList = 584852901E307EDC00B5190D /* Build configuration list for PBXNativeTarget "Hello WorldUITests" */;
			buildPhases = (
				5848527D1E307EDC00B5190D /* Sources */,
				5848527E1E307EDC00B5190D /* Frameworks */,
				5848527F1E307EDC00B5190D /* Resources */,
			);
			buildRules = (
			);
			dependencies = (
				584852831E307EDC00B5190D /* PBXTargetDependency */,
			);
			name = "Hello WorldUITests";
			productName = "Hello WorldUITests";
			productReference = 584852811E307EDC00B5190D /* Hello WorldUITests.xctest */;
			productType = "com.apple.product-type.bundle.ui-testing";
		};
/* End PBXNativeTarget section */

/* Begin PBXProject section */
		584852551E307EDB00B5190D /* Project object */ = {
			isa = PBXProject;
			attributes = {
				LastUpgradeCheck = 0820;
				ORGANIZATIONNAME = "范育銜";
				TargetAttributes = {
					5848525C1E307EDB00B5190D = {
						CreatedOnToolsVersion = 8.2.1;
						DevelopmentTeam = 3DC732C3Z2;
						ProvisioningStyle = Automatic;
					};
					584852751E307EDC00B5190D = {
						CreatedOnToolsVersion = 8.2.1;
						DevelopmentTeam = 3DC732C3Z2;
						ProvisioningStyle = Automatic;
						TestTargetID = 5848525C1E307EDB00B5190D;
					};
					584852801E307EDC00B5190D = {
						CreatedOnToolsVersion = 8.2.1;
						DevelopmentTeam = 3DC732C3Z2;
						ProvisioningStyle = Automatic;
						TestTargetID = 5848525C1E307EDB00B5190D;
					};
				};
			};
			buildConfigurationList = 584852581E307EDB00B5190D /* Build configuration list for PBXProject "Hello World" */;
			compatibilityVersion = "Xcode 3.2";
			developmentRegion = English;
			hasScannedForEncodings = 0;
			knownRegions = (
				en,
				Base,
			);
			mainGroup = 584852541E307EDB00B5190D;
			productRefGroup = 5848525E1E307EDC00B5190D /* Products */;
			projectDirPath = "";
			projectRoot = "";
			targets = (
				5848525C1E307EDB00B5190D /* Hello World */,
				584852751E307EDC00B5190D /* Hello WorldTests */,
				584852801E307EDC00B5190D /* Hello WorldUITests */,
			);
		};
/* End PBXProject section */

/* Begin PBXResourcesBuildPhase section */
		5848525B1E307EDB00B5190D /* Resources */ = {
			isa = PBXResourcesBuildPhase;
			buildActionMask = 2147483647;
			files = (
				584852701E307EDC00B5190D /* LaunchScreen.storyboard in Resources */,
				5848526D1E307EDC00B5190D /* Assets.xcassets in Resources */,
				5848526B1E307EDC00B5190D /* Main.storyboard in Resources */,
			);
			runOnlyForDeploymentPostprocessing = 0;
		};
		584852741E307EDC00B5190D /* Resources */ = {
			isa = PBXResourcesBuildPhase;
			buildActionMask = 2147483647;
			files = (
			);
			runOnlyForDeploymentPostprocessing = 0;
		};
		5848527F1E307EDC00B5190D /* Resources */ = {
			isa = PBXResourcesBuildPhase;
			buildActionMask = 2147483647;
			files = (
			);
			runOnlyForDeploymentPostprocessing = 0;
		};
/* End PBXResourcesBuildPhase section */

/* Begin PBXSourcesBuildPhase section */
		584852591E307EDB00B5190D /* Sources */ = {
			isa = PBXSourcesBuildPhase;
			buildActionMask = 2147483647;
			files = (
				584852681E307EDC00B5190D /* ViewController.m in Sources */,
				584852651E307EDC00B5190D /* AppDelegate.m in Sources */,
				584852621E307EDC00B5190D /* main.m in Sources */,
			);
			runOnlyForDeploymentPostprocessing = 0;
		};
		584852721E307EDC00B5190D /* Sources */ = {
			isa = PBXSourcesBuildPhase;
			buildActionMask = 2147483647;
			files = (
				5848527B1E307EDC00B5190D /* Hello_WorldTests.m in Sources */,
			);
			runOnlyForDeploymentPostprocessing = 0;
		};
		5848527D1E307EDC00B5190D /* Sources */ = {
			isa = PBXSourcesBuildPhase;
			buildActionMask = 2147483647;
			files = (
				584852861E307EDC00B5190D /* Hello_WorldUITests.m in Sources */,
			);
			runOnlyForDeploymentPostprocessing = 0;
		};
/* End PBXSourcesBuildPhase section */

/* Begin PBXTargetDependency section */
		584852781E307EDC00B5190D /* PBXTargetDependency */ = {
			isa = PBXTargetDependency;
			target = 5848525C1E307EDB00B5190D /* Hello World */;
			targetProxy = 584852771E307EDC00B5190D /* PBXContainerItemProxy */;
		};
		584852831E307EDC00B5190D /* PBXTargetDependency */ = {
			isa = PBXTargetDependency;
			target = 5848525C1E307EDB00B5190D /* Hello World */;
			targetProxy = 584852821E307EDC00B5190D /* PBXContainerItemProxy */;
		};
/* End PBXTargetDependency section */

/* Begin PBXVariantGroup section */
		584852691E307EDC00B5190D /* Main.storyboard */ = {
			isa = PBXVariantGroup;
			children = (
				5848526A1E307EDC00B5190D /* Base */,
			);
			name = Main.storyboard;
			sourceTree = "<group>";
		};
		5848526E1E307EDC00B5190D /* LaunchScreen.storyboard */ = {
			isa = PBXVariantGroup;
			children = (
				5848526F1E307EDC00B5190D /* Base */,
			);
			name = LaunchScreen.storyboard;
			sourceTree = "<group>";
		};
/* End PBXVariantGroup section */

/* Begin XCBuildConfiguration section */
		584852881E307EDC00B5190D /* Debug */ = {
			isa = XCBuildConfiguration;
			buildSettings = {
				ALWAYS_SEARCH_USER_PATHS = NO;
				CLANG_ANALYZER_NONNULL = YES;
				CLANG_CXX_LANGUAGE_STANDARD = "gnu++0x";
				CLANG_CXX_LIBRARY = "libc++";
				CLANG_ENABLE_MODULES = YES;
				CLANG_ENABLE_OBJC_ARC = YES;
				CLANG_WARN_BOOL_CONVERSION = YES;
				CLANG_WARN_CONSTANT_CONVERSION = YES;
				CLANG_WARN_DIRECT_OBJC_ISA_USAGE = YES_ERROR;
				CLANG_WARN_DOCUMENTATION_COMMENTS = YES;
				CLANG_WARN_EMPTY_BODY = YES;
				CLANG_WARN_ENUM_CONVERSION = YES;
				CLANG_WARN_INFINITE_RECURSION = YES;
				CLANG_WARN_INT_CONVERSION = YES;
				CLANG_WARN_OBJC_ROOT_CLASS = YES_ERROR;
				CLANG_WARN_SUSPICIOUS_MOVE = YES;
				CLANG_WARN_UNREACHABLE_CODE = YES;
				CLANG_WARN__DUPLICATE_METHOD_MATCH = YES;
				"CODE_SIGN_IDENTITY[sdk=iphoneos*]" = "iPhone Developer";
				COPY_PHASE_STRIP = NO;
				DEBUG_INFORMATION_FORMAT = dwarf;
				ENABLE_STRICT_OBJC_MSGSEND = YES;
				ENABLE_TESTABILITY = YES;
				GCC_C_LANGUAGE_STANDARD = gnu99;
				GCC_DYNAMIC_NO_PIC = NO;
				GCC_NO_COMMON_BLOCKS = YES;
				GCC_OPTIMIZATION_LEVEL = 0;
				GCC_PREPROCESSOR_DEFINITIONS = (
					"DEBUG=1",
					"$(inherited)",
				);
				GCC_WARN_64_TO_32_BIT_CONVERSION = YES;
				GCC_WARN_ABOUT_RETURN_TYPE = YES_ERROR;
				GCC_WARN_UNDECLARED_SELECTOR = YES;
				GCC_WARN_UNINITIALIZED_AUTOS = YES_AGGRESSIVE;
				GCC_WARN_UNUSED_FUNCTION = YES;
				GCC_WARN_UNUSED_VARIABLE = YES;
				IPHONEOS_DEPLOYMENT_TARGET = 10.2;
				MTL_ENABLE_DEBUG_INFO = YES;
				ONLY_ACTIVE_ARCH = YES;
				SDKROOT = iphoneos;
				TARGETED_DEVICE_FAMILY = "1,2";
			};
			name = Debug;
		};
		584852891E307EDC00B5190D /* Release */ = {
			isa = XCBuildConfiguration;
			buildSettings = {
				ALWAYS_SEARCH_USER_PATHS = NO;
				CLANG_ANALYZER_NONNULL = YES;
				CLANG_CXX_LANGUAGE_STANDARD = "gnu++0x";
				CLANG_CXX_LIBRARY = "libc++";
				CLANG_ENABLE_MODULES = YES;
				CLANG_ENABLE_OBJC_ARC = YES;
				CLANG_WARN_BOOL_CONVERSION = YES;
				CLANG_WARN_CONSTANT_CONVERSION = YES;
				CLANG_WARN_DIRECT_OBJC_ISA_USAGE = YES_ERROR;
				CLANG_WARN_DOCUMENTATION_COMMENTS = YES;
				CLANG_WARN_EMPTY_BODY = YES;
				CLANG_WARN_ENUM_CONVERSION = YES;
				CLANG_WARN_INFINITE_RECURSION = YES;
				CLANG_WARN_INT_CONVERSION = YES;
				CLANG_WARN_OBJC_ROOT_CLASS = YES_ERROR;
				CLANG_WARN_SUSPICIOUS_MOVE = YES;
				CLANG_WARN_UNREACHABLE_CODE = YES;
				CLANG_WARN__DUPLICATE_METHOD_MATCH = YES;
				"CODE_SIGN_IDENTITY[sdk=iphoneos*]" = "iPhone Developer";
				COPY_PHASE_STRIP = NO;
				DEBUG_INFORMATION_FORMAT = "dwarf-with-dsym";
				ENABLE_NS_ASSERTIONS = NO;
				ENABLE_STRICT_OBJC_MSGSEND = YES;
				GCC_C_LANGUAGE_STANDARD = gnu99;
				GCC_NO_COMMON_BLOCKS = YES;
				GCC_WARN_64_TO_32_BIT_CONVERSION = YES;
				GCC_WARN_ABOUT_RETURN_TYPE = YES_ERROR;
				GCC_WARN_UNDECLARED_SELECTOR = YES;
				GCC_WARN_UNINITIALIZED_AUTOS = YES_AGGRESSIVE;
				GCC_WARN_UNUSED_FUNCTION = YES;
				GCC_WARN_UNUSED_VARIABLE = YES;
				IPHONEOS_DEPLOYMENT_TARGET = 10.2;
				MTL_ENABLE_DEBUG_INFO = NO;
				SDKROOT = iphoneos;
				TARGETED_DEVICE_FAMILY = "1,2";
				VALIDATE_PRODUCT = YES;
			};
			name = Release;
		};
		5848528B1E307EDC00B5190D /* Debug */ = {
			isa = XCBuildConfiguration;
			buildSettings = {
				ASSETCATALOG_COMPILER_APPICON_NAME = AppIcon;
				DEVELOPMENT_TEAM = 3DC732C3Z2;
				INFOPLIST_FILE = "Hello World/Info.plist";
				LD_RUNPATH_SEARCH_PATHS = "$(inherited) @executable_path/Frameworks";
				PRODUCT_BUNDLE_IDENTIFIER = "HS.Hello-World";
				PRODUCT_NAME = "$(TARGET_NAME)";
			};
			name = Debug;
		};
		5848528C1E307EDC00B5190D /* Release */ = {
			isa = XCBuildConfiguration;
			buildSettings = {
				ASSETCATALOG_COMPILER_APPICON_NAME = AppIcon;
				DEVELOPMENT_TEAM = 3DC732C3Z2;
				INFOPLIST_FILE = "Hello World/Info.plist";
				LD_RUNPATH_SEARCH_PATHS = "$(inherited) @executable_path/Frameworks";
				PRODUCT_BUNDLE_IDENTIFIER = "HS.Hello-World";
				PRODUCT_NAME = "$(TARGET_NAME)";
			};
			name = Release;
		};
		5848528E1E307EDC00B5190D /* Debug */ = {
			isa = XCBuildConfiguration;
			buildSettings = {
				BUNDLE_LOADER = "$(TEST_HOST)";
				DEVELOPMENT_TEAM = 3DC732C3Z2;
				INFOPLIST_FILE = "Hello WorldTests/Info.plist";
				LD_RUNPATH_SEARCH_PATHS = "$(inherited) @executable_path/Frameworks @loader_path/Frameworks";
				PRODUCT_BUNDLE_IDENTIFIER = "HS.Hello-WorldTests";
				PRODUCT_NAME = "$(TARGET_NAME)";
				TEST_HOST = "$(BUILT_PRODUCTS_DIR)/Hello World.app/Hello World";
			};
			name = Debug;
		};
		5848528F1E307EDC00B5190D /* Release */ = {
			isa = XCBuildConfiguration;
			buildSettings = {
				BUNDLE_LOADER = "$(TEST_HOST)";
				DEVELOPMENT_TEAM = 3DC732C3Z2;
				INFOPLIST_FILE = "Hello WorldTests/Info.plist";
				LD_RUNPATH_SEARCH_PATHS = "$(inherited) @executable_path/Frameworks @loader_path/Frameworks";
				PRODUCT_BUNDLE_IDENTIFIER = "HS.Hello-WorldTests";
				PRODUCT_NAME = "$(TARGET_NAME)";
				TEST_HOST = "$(BUILT_PRODUCTS_DIR)/Hello World.app/Hello World";
			};
			name = Release;
		};
		584852911E307EDC00B5190D /* Debug */ = {
			isa = XCBuildConfiguration;
			buildSettings = {
				DEVELOPMENT_TEAM = 3DC732C3Z2;
				INFOPLIST_FILE = "Hello WorldUITests/Info.plist";
				LD_RUNPATH_SEARCH_PATHS = "$(inherited) @executable_path/Frameworks @loader_path/Frameworks";
				PRODUCT_BUNDLE_IDENTIFIER = "HS.Hello-WorldUITests";
				PRODUCT_NAME = "$(TARGET_NAME)";
				TEST_TARGET_NAME = "Hello World";
			};
			name = Debug;
		};
		584852921E307EDC00B5190D /* Release */ = {
			isa = XCBuildConfiguration;
			buildSettings = {
				DEVELOPMENT_TEAM = 3DC732C3Z2;
				INFOPLIST_FILE = "Hello WorldUITests/Info.plist";
				LD_RUNPATH_SEARCH_PATHS = "$(inherited) @executable_path/Frameworks @loader_path/Frameworks";
				PRODUCT_BUNDLE_IDENTIFIER = "HS.Hello-WorldUITests";
				PRODUCT_NAME = "$(TARGET_NAME)";
				TEST_TARGET_NAME = "Hello World";
			};
			name = Release;
		};
/* End XCBuildConfiguration section */

/* Begin XCConfigurationList section */
		584852581E307EDB00B5190D /* Build configuration list for PBXProject "Hello World" */ = {
			isa = XCConfigurationList;
			buildConfigurations = (
				584852881E307EDC00B5190D /* Debug */,
				584852891E307EDC00B5190D /* Release */,
			);
			defaultConfigurationIsVisible = 0;
			defaultConfigurationName = Release;
		};
		5848528A1E307EDC00B5190D /* Build configuration list for PBXNativeTarget "Hello World" */ = {
			isa = XCConfigurationList;
			buildConfigurations = (
				5848528B1E307EDC00B5190D /* Debug */,
				5848528C1E307EDC00B5190D /* Release */,
			);
			defaultConfigurationIsVisible = 0;
		};
		5848528D1E307EDC00B5190D /* Build configuration list for PBXNativeTarget "Hello WorldTests" */ = {
			isa = XCConfigurationList;
			buildConfigurations = (
				5848528E1E307EDC00B5190D /* Debug */,
				5848528F1E307EDC00B5190D /* Release */,
			);
			defaultConfigurationIsVisible = 0;
		};
		584852901E307EDC00B5190D /* Build configuration list for PBXNativeTarget "Hello WorldUITests" */ = {
			isa = XCConfigurationList;
			buildConfigurations = (
				584852911E307EDC00B5190D /* Debug */,
				584852921E307EDC00B5190D /* Release */,
			);
			defaultConfigurationIsVisible = 0;
		};
/* End XCConfigurationList section */
	};
	rootObject = 584852551E307EDB00B5190D /* Project object */;
}
